
Microsoft Visual Studio Solution File, Format Version 12.00
# Visual Studio 15
VisualStudioVersion = 15.0.27004.2006
MinimumVisualStudioVersion = 10.0.40219.1
Project("{FAE04EC0-301F-11D3-BF4B-00C04F79EFBC}") = "P03_ FootballBetting.Data.Models", "P03_ FootballBetting.Data.Models\P03_ FootballBetting.Data.Models.csproj", "{87D930EF-A106-4B6C-9FA6-F24B05092992}"
EndProject
Project("{FAE04EC0-301F-11D3-BF4B-00C04F79EFBC}") = "P03_ FootballBetting.Data", "P03_ FootballBetting.Data\P03_ FootballBetting.Data.csproj", "{65900A2E-406F-44EC-B64C-CE387AF61425}"
EndProject
Project("{FAE04EC0-301F-11D3-BF4B-00C04F79EFBC}") = "P03_FootballBetting", "P03_FootballBetting\P03_FootballBetting.csproj", "{1E859CF7-62C0-448E-A39C-90F0E17AEB4A}"
EndProject
Global
	GlobalSection(SolutionConfigurationPlatforms) = preSolution
		Debug|Any CPU = Debug|Any CPU
		Release|Any CPU = Release|Any CPU
	EndGlobalSection
	GlobalSection(ProjectConfigurationPlatforms) = postSolution
		{87D930EF-A106-4B6C-9FA6-F24B05092992}.Debug|Any CPU.ActiveCfg = Debug|Any CPU
		{87D930EF-A106-4B6C-9FA6-F24B05092992}.Debug|Any CPU.Build.0 = Debug|Any CPU
		{87D930EF-A106-4B6C-9FA6-F24B05092992}.Release|Any CPU.ActiveCfg = Release|Any CPU
		{87D930EF-A106-4B6C-9FA6-F24B05092992}.Release|Any CPU.Build.0 = Release|Any CPU
		{65900A2E-406F-44EC-B64C-CE387AF61425}.Debug|Any CPU.ActiveCfg = Debug|Any CPU
		{65900A2E-406F-44EC-B64C-CE387AF61425}.Debug|Any CPU.Build.0 = Debug|Any CPU
		{65900A2E-406F-44EC-B64C-CE387AF61425}.Release|Any CPU.ActiveCfg = Release|Any CPU
		{65900A2E-406F-44EC-B64C-CE387AF61425}.Release|Any CPU.Build.0 = Release|Any CPU
		{1E859CF7-62C0-448E-A39C-90F0E17AEB4A}.Debug|Any CPU.ActiveCfg = Debug|Any CPU
		{1E859CF7-62C0-448E-A39C-90F0E17AEB4A}.Debug|Any CPU.Build.0 = Debug|Any CPU
		{1E859CF7-62C0-448E-A39C-90F0E17AEB4A}.Release|Any CPU.ActiveCfg = Release|Any CPU
		{1E859CF7-62C0-448E-A39C-90F0E17AEB4A}.Release|Any CPU.Build.0 = Release|Any CPU
	EndGlobalSection
	GlobalSection(SolutionProperties) = preSolution
		HideSolutionNode = FALSE
	EndGlobalSection
	GlobalSection(ExtensibilityGlobals) = postSolution
		SolutionGuid = {7F8BB473-F953-4BF3-BC1C-7161E8534EC9}
	EndGlobalSection
EndGlobal
