
Microsoft Visual Studio Solution File, Format Version 12.00
# Visual Studio 15
VisualStudioVersion = 15.0.27004.2006
MinimumVisualStudioVersion = 10.0.40219.1
Project("{FAE04EC0-301F-11D3-BF4B-00C04F79EFBC}") = "P02_DatabaseFirst", "P02_DatabaseFirst\P02_DatabaseFirst.csproj", "{A03AC7F0-A293-4604-B24A-6628DF952468}"
EndProject
Global
	GlobalSection(SolutionConfigurationPlatforms) = preSolution
		Debug|Any CPU = Debug|Any CPU
		Release|Any CPU = Release|Any CPU
	EndGlobalSection
	GlobalSection(ProjectConfigurationPlatforms) = postSolution
		{A03AC7F0-A293-4604-B24A-6628DF952468}.Debug|Any CPU.ActiveCfg = Debug|Any CPU
		{A03AC7F0-A293-4604-B24A-6628DF952468}.Debug|Any CPU.Build.0 = Debug|Any CPU
		{A03AC7F0-A293-4604-B24A-6628DF952468}.Release|Any CPU.ActiveCfg = Release|Any CPU
		{A03AC7F0-A293-4604-B24A-6628DF952468}.Release|Any CPU.Build.0 = Release|Any CPU
	EndGlobalSection
	GlobalSection(SolutionProperties) = preSolution
		HideSolutionNode = FALSE
	EndGlobalSection
	GlobalSection(ExtensibilityGlobals) = postSolution
		SolutionGuid = {21FF4C50-122B-48BE-9318-BEC0E7D4F134}
	EndGlobalSection
EndGlobal
