
Microsoft Visual Studio Solution File, Format Version 12.00
# Visual Studio 15
VisualStudioVersion = 15.0.27004.2006
MinimumVisualStudioVersion = 10.0.40219.1
Project("{FAE04EC0-301F-11D3-BF4B-00C04F79EFBC}") = "P01_BillsPaymentSystem.Data.Models", "P01_BillsPaymentSystem.Data.Models\P01_BillsPaymentSystem.Data.Models.csproj", "{66E46F11-CDAC-4510-A098-582638BBBDA8}"
EndProject
Project("{FAE04EC0-301F-11D3-BF4B-00C04F79EFBC}") = "P01_BillsPaymentSystem.Data", "P01_BillsPaymentSystem.Data\P01_BillsPaymentSystem.Data.csproj", "{1092DF1A-840C-48F8-9D25-1C5701E15174}"
EndProject
Project("{FAE04EC0-301F-11D3-BF4B-00C04F79EFBC}") = "P01_BillsPaymentSystem", "P01_BillsPaymentSystem\P01_BillsPaymentSystem.csproj", "{A9BCC4C0-82C4-4713-8C2F-5E89958A6255}"
EndProject
Global
	GlobalSection(SolutionConfigurationPlatforms) = preSolution
		Debug|Any CPU = Debug|Any CPU
		Release|Any CPU = Release|Any CPU
	EndGlobalSection
	GlobalSection(ProjectConfigurationPlatforms) = postSolution
		{66E46F11-CDAC-4510-A098-582638BBBDA8}.Debug|Any CPU.ActiveCfg = Debug|Any CPU
		{66E46F11-CDAC-4510-A098-582638BBBDA8}.Debug|Any CPU.Build.0 = Debug|Any CPU
		{66E46F11-CDAC-4510-A098-582638BBBDA8}.Release|Any CPU.ActiveCfg = Release|Any CPU
		{66E46F11-CDAC-4510-A098-582638BBBDA8}.Release|Any CPU.Build.0 = Release|Any CPU
		{1092DF1A-840C-48F8-9D25-1C5701E15174}.Debug|Any CPU.ActiveCfg = Debug|Any CPU
		{1092DF1A-840C-48F8-9D25-1C5701E15174}.Debug|Any CPU.Build.0 = Debug|Any CPU
		{1092DF1A-840C-48F8-9D25-1C5701E15174}.Release|Any CPU.ActiveCfg = Release|Any CPU
		{1092DF1A-840C-48F8-9D25-1C5701E15174}.Release|Any CPU.Build.0 = Release|Any CPU
		{A9BCC4C0-82C4-4713-8C2F-5E89958A6255}.Debug|Any CPU.ActiveCfg = Debug|Any CPU
		{A9BCC4C0-82C4-4713-8C2F-5E89958A6255}.Debug|Any CPU.Build.0 = Debug|Any CPU
		{A9BCC4C0-82C4-4713-8C2F-5E89958A6255}.Release|Any CPU.ActiveCfg = Release|Any CPU
		{A9BCC4C0-82C4-4713-8C2F-5E89958A6255}.Release|Any CPU.Build.0 = Release|Any CPU
	EndGlobalSection
	GlobalSection(SolutionProperties) = preSolution
		HideSolutionNode = FALSE
	EndGlobalSection
	GlobalSection(ExtensibilityGlobals) = postSolution
		SolutionGuid = {D18B65A1-A5DA-44F5-9024-259EEF538DEA}
	EndGlobalSection
EndGlobal
