
Microsoft Visual Studio Solution File, Format Version 12.00
# Visual Studio 15
VisualStudioVersion = 15.0.27004.2006
MinimumVisualStudioVersion = 10.0.40219.1
Project("{FAE04EC0-301F-11D3-BF4B-00C04F79EFBC}") = "P01_BillsPaymentSystem.Data.Models", "P01_BillsPaymentSystem.Data.Models\P01_BillsPaymentSystem.Data.Models.csproj", "{71B87647-A02C-413D-B8D6-1C1F77CD6459}"
EndProject
Project("{FAE04EC0-301F-11D3-BF4B-00C04F79EFBC}") = "P01_BillsPaymentSystem.Data", "P01_BillsPaymentSystem.Data\P01_BillsPaymentSystem.Data.csproj", "{8C00F68F-442C-4A32-A7A8-93AA530EAF8F}"
EndProject
Project("{FAE04EC0-301F-11D3-BF4B-00C04F79EFBC}") = "P01_BillsPaymentSystem", "P01_BillsPaymentSystem\P01_BillsPaymentSystem.csproj", "{37E6759A-A626-4265-8CF3-447740DB9CB9}"
EndProject
Global
	GlobalSection(SolutionConfigurationPlatforms) = preSolution
		Debug|Any CPU = Debug|Any CPU
		Release|Any CPU = Release|Any CPU
	EndGlobalSection
	GlobalSection(ProjectConfigurationPlatforms) = postSolution
		{71B87647-A02C-413D-B8D6-1C1F77CD6459}.Debug|Any CPU.ActiveCfg = Debug|Any CPU
		{71B87647-A02C-413D-B8D6-1C1F77CD6459}.Debug|Any CPU.Build.0 = Debug|Any CPU
		{71B87647-A02C-413D-B8D6-1C1F77CD6459}.Release|Any CPU.ActiveCfg = Release|Any CPU
		{71B87647-A02C-413D-B8D6-1C1F77CD6459}.Release|Any CPU.Build.0 = Release|Any CPU
		{8C00F68F-442C-4A32-A7A8-93AA530EAF8F}.Debug|Any CPU.ActiveCfg = Debug|Any CPU
		{8C00F68F-442C-4A32-A7A8-93AA530EAF8F}.Debug|Any CPU.Build.0 = Debug|Any CPU
		{8C00F68F-442C-4A32-A7A8-93AA530EAF8F}.Release|Any CPU.ActiveCfg = Release|Any CPU
		{8C00F68F-442C-4A32-A7A8-93AA530EAF8F}.Release|Any CPU.Build.0 = Release|Any CPU
		{37E6759A-A626-4265-8CF3-447740DB9CB9}.Debug|Any CPU.ActiveCfg = Debug|Any CPU
		{37E6759A-A626-4265-8CF3-447740DB9CB9}.Debug|Any CPU.Build.0 = Debug|Any CPU
		{37E6759A-A626-4265-8CF3-447740DB9CB9}.Release|Any CPU.ActiveCfg = Release|Any CPU
		{37E6759A-A626-4265-8CF3-447740DB9CB9}.Release|Any CPU.Build.0 = Release|Any CPU
	EndGlobalSection
	GlobalSection(SolutionProperties) = preSolution
		HideSolutionNode = FALSE
	EndGlobalSection
	GlobalSection(ExtensibilityGlobals) = postSolution
		SolutionGuid = {08015D9E-3482-488C-955A-F8D6BAD138F7}
	EndGlobalSection
EndGlobal
